
Microsoft Visual Studio Solution File, Format Version 12.00
# Visual Studio 14
VisualStudioVersion = 14.0.25420.1
MinimumVisualStudioVersion = 10.0.40219.1
Project("{FAE04EC0-301F-11D3-BF4B-00C04F79EFBC}") = "oAuthOwinClient", "oAuthOwinClient\oAuthOwinClient.csproj", "{825ED9B0-3F44-49BA-8117-EC76CAA15AC3}"
EndProject
Project("{8BB2217D-0F2D-49D1-97BC-3654ED321F3B}") = "oAuthCoreIdP", "oAuthCoreIdP\oAuthCoreIdP.xproj", "{8EF150A5-8733-4655-9F24-A3B2C2CD1E77}"
EndProject
Global
	GlobalSection(SolutionConfigurationPlatforms) = preSolution
		Debug|Any CPU = Debug|Any CPU
		Release|Any CPU = Release|Any CPU
	EndGlobalSection
	GlobalSection(ProjectConfigurationPlatforms) = postSolution
		{825ED9B0-3F44-49BA-8117-EC76CAA15AC3}.Debug|Any CPU.ActiveCfg = Debug|Any CPU
		{825ED9B0-3F44-49BA-8117-EC76CAA15AC3}.Debug|Any CPU.Build.0 = Debug|Any CPU
		{825ED9B0-3F44-49BA-8117-EC76CAA15AC3}.Release|Any CPU.ActiveCfg = Release|Any CPU
		{825ED9B0-3F44-49BA-8117-EC76CAA15AC3}.Release|Any CPU.Build.0 = Release|Any CPU
		{8EF150A5-8733-4655-9F24-A3B2C2CD1E77}.Debug|Any CPU.ActiveCfg = Debug|Any CPU
		{8EF150A5-8733-4655-9F24-A3B2C2CD1E77}.Debug|Any CPU.Build.0 = Debug|Any CPU
		{8EF150A5-8733-4655-9F24-A3B2C2CD1E77}.Release|Any CPU.ActiveCfg = Release|Any CPU
		{8EF150A5-8733-4655-9F24-A3B2C2CD1E77}.Release|Any CPU.Build.0 = Release|Any CPU
	EndGlobalSection
	GlobalSection(SolutionProperties) = preSolution
		HideSolutionNode = FALSE
	EndGlobalSection
EndGlobal
